
Microsoft Visual Studio Solution File, Format Version 12.00
Project("{2150E333-8FDC-42A3-9474-1A3956D46DE8}") = "Test", "Test", "{AC2739BB-BEF4-4683-90F4-D6E82F1636FC}"
EndProject
Project("{2150E333-8FDC-42A3-9474-1A3956D46DE8}") = "Infrastructure", "Infrastructure", "{3453BB7B-B4A7-4CDA-8DDF-1CC9120FC91B}"
EndProject
Project("{2150E333-8FDC-42A3-9474-1A3956D46DE8}") = "Core", "Core", "{11682CF5-DDD5-45DB-965A-FA308BF7019C}"
EndProject
Project("{2150E333-8FDC-42A3-9474-1A3956D46DE8}") = "Domain", "Domain", "{DE748983-64C5-4FD5-9C94-9FF8008729F6}"
EndProject
Project("{FAE04EC0-301F-11D3-BF4B-00C04F79EFBC}") = "BoundedContext.Domain", "src\Core\Domain\BoundedContext.Domain\BoundedContext.Domain.csproj", "{DC30CC64-F187-42B3-B111-958D7E3FE6AE}"
EndProject
Project("{FAE04EC0-301F-11D3-BF4B-00C04F79EFBC}") = "Application", "src\Core\Application\Application.csproj", "{66F1312E-A85A-42A3-9979-1C0D0F57BA3D}"
EndProject
Project("{FAE04EC0-301F-11D3-BF4B-00C04F79EFBC}") = "SharedKernel.Domain", "src\Core\Domain\SharedKernel.Domain\SharedKernel.Domain.csproj", "{3D5F74D1-81C5-4BD4-A125-4B1D9D7D787B}"
EndProject
Project("{FAE04EC0-301F-11D3-BF4B-00C04F79EFBC}") = "Persistence", "src\Infrastructure\Persistence\Persistence.csproj", "{E8D62278-ECB6-4CDE-BC2D-DB26E6DBE3AE}"
EndProject
Project("{FAE04EC0-301F-11D3-BF4B-00C04F79EFBC}") = "API", "src\Infrastructure\API\API.csproj", "{37273BB6-7E6A-47B4-AF3B-4140D189E543}"
EndProject
Project("{FAE04EC0-301F-11D3-BF4B-00C04F79EFBC}") = "BoundedContext.Domain.UnitTest", "test\BoundedContext.Domain.UnitTest\BoundedContext.Domain.UnitTest.csproj", "{36224600-24EF-43EC-B2EC-EC02291CE8B7}"
EndProject
Project("{FAE04EC0-301F-11D3-BF4B-00C04F79EFBC}") = "Application.IntegrationTest", "test\Application.IntegrationTest\Application.IntegrationTest.csproj", "{CEA787F6-3CC7-495F-ACA8-7AB3A427DF0C}"
EndProject
Project("{FAE04EC0-301F-11D3-BF4B-00C04F79EFBC}") = "API.FunctionalTest", "test\API.FunctionalTest\API.FunctionalTest.csproj", "{B28C8684-1736-4475-81D4-2B9AFA2025BE}"
EndProject
Project("{FAE04EC0-301F-11D3-BF4B-00C04F79EFBC}") = "Gateway", "src\Infrastructure\Gateway\Gateway.csproj", "{BF2F9B4F-02D0-4D3D-AD1E-40C03CD50214}"
EndProject
Global
	GlobalSection(SolutionConfigurationPlatforms) = preSolution
		Debug|Any CPU = Debug|Any CPU
		Release|Any CPU = Release|Any CPU
	EndGlobalSection
	GlobalSection(NestedProjects) = preSolution
		{DE748983-64C5-4FD5-9C94-9FF8008729F6} = {11682CF5-DDD5-45DB-965A-FA308BF7019C}
		{DC30CC64-F187-42B3-B111-958D7E3FE6AE} = {DE748983-64C5-4FD5-9C94-9FF8008729F6}
		{66F1312E-A85A-42A3-9979-1C0D0F57BA3D} = {11682CF5-DDD5-45DB-965A-FA308BF7019C}
		{3D5F74D1-81C5-4BD4-A125-4B1D9D7D787B} = {DE748983-64C5-4FD5-9C94-9FF8008729F6}
		{E8D62278-ECB6-4CDE-BC2D-DB26E6DBE3AE} = {3453BB7B-B4A7-4CDA-8DDF-1CC9120FC91B}
		{37273BB6-7E6A-47B4-AF3B-4140D189E543} = {3453BB7B-B4A7-4CDA-8DDF-1CC9120FC91B}
		{36224600-24EF-43EC-B2EC-EC02291CE8B7} = {AC2739BB-BEF4-4683-90F4-D6E82F1636FC}
		{CEA787F6-3CC7-495F-ACA8-7AB3A427DF0C} = {AC2739BB-BEF4-4683-90F4-D6E82F1636FC}
		{B28C8684-1736-4475-81D4-2B9AFA2025BE} = {AC2739BB-BEF4-4683-90F4-D6E82F1636FC}
		{BF2F9B4F-02D0-4D3D-AD1E-40C03CD50214} = {3453BB7B-B4A7-4CDA-8DDF-1CC9120FC91B}
	EndGlobalSection
	GlobalSection(ProjectConfigurationPlatforms) = postSolution
		{DC30CC64-F187-42B3-B111-958D7E3FE6AE}.Debug|Any CPU.ActiveCfg = Debug|Any CPU
		{DC30CC64-F187-42B3-B111-958D7E3FE6AE}.Debug|Any CPU.Build.0 = Debug|Any CPU
		{DC30CC64-F187-42B3-B111-958D7E3FE6AE}.Release|Any CPU.ActiveCfg = Release|Any CPU
		{DC30CC64-F187-42B3-B111-958D7E3FE6AE}.Release|Any CPU.Build.0 = Release|Any CPU
		{66F1312E-A85A-42A3-9979-1C0D0F57BA3D}.Debug|Any CPU.ActiveCfg = Debug|Any CPU
		{66F1312E-A85A-42A3-9979-1C0D0F57BA3D}.Debug|Any CPU.Build.0 = Debug|Any CPU
		{66F1312E-A85A-42A3-9979-1C0D0F57BA3D}.Release|Any CPU.ActiveCfg = Release|Any CPU
		{66F1312E-A85A-42A3-9979-1C0D0F57BA3D}.Release|Any CPU.Build.0 = Release|Any CPU
		{3D5F74D1-81C5-4BD4-A125-4B1D9D7D787B}.Debug|Any CPU.ActiveCfg = Debug|Any CPU
		{3D5F74D1-81C5-4BD4-A125-4B1D9D7D787B}.Debug|Any CPU.Build.0 = Debug|Any CPU
		{3D5F74D1-81C5-4BD4-A125-4B1D9D7D787B}.Release|Any CPU.ActiveCfg = Release|Any CPU
		{3D5F74D1-81C5-4BD4-A125-4B1D9D7D787B}.Release|Any CPU.Build.0 = Release|Any CPU
		{E8D62278-ECB6-4CDE-BC2D-DB26E6DBE3AE}.Debug|Any CPU.ActiveCfg = Debug|Any CPU
		{E8D62278-ECB6-4CDE-BC2D-DB26E6DBE3AE}.Debug|Any CPU.Build.0 = Debug|Any CPU
		{E8D62278-ECB6-4CDE-BC2D-DB26E6DBE3AE}.Release|Any CPU.ActiveCfg = Release|Any CPU
		{E8D62278-ECB6-4CDE-BC2D-DB26E6DBE3AE}.Release|Any CPU.Build.0 = Release|Any CPU
		{37273BB6-7E6A-47B4-AF3B-4140D189E543}.Debug|Any CPU.ActiveCfg = Debug|Any CPU
		{37273BB6-7E6A-47B4-AF3B-4140D189E543}.Debug|Any CPU.Build.0 = Debug|Any CPU
		{37273BB6-7E6A-47B4-AF3B-4140D189E543}.Release|Any CPU.ActiveCfg = Release|Any CPU
		{37273BB6-7E6A-47B4-AF3B-4140D189E543}.Release|Any CPU.Build.0 = Release|Any CPU
		{36224600-24EF-43EC-B2EC-EC02291CE8B7}.Debug|Any CPU.ActiveCfg = Debug|Any CPU
		{36224600-24EF-43EC-B2EC-EC02291CE8B7}.Debug|Any CPU.Build.0 = Debug|Any CPU
		{36224600-24EF-43EC-B2EC-EC02291CE8B7}.Release|Any CPU.ActiveCfg = Release|Any CPU
		{36224600-24EF-43EC-B2EC-EC02291CE8B7}.Release|Any CPU.Build.0 = Release|Any CPU
		{CEA787F6-3CC7-495F-ACA8-7AB3A427DF0C}.Debug|Any CPU.ActiveCfg = Debug|Any CPU
		{CEA787F6-3CC7-495F-ACA8-7AB3A427DF0C}.Debug|Any CPU.Build.0 = Debug|Any CPU
		{CEA787F6-3CC7-495F-ACA8-7AB3A427DF0C}.Release|Any CPU.ActiveCfg = Release|Any CPU
		{CEA787F6-3CC7-495F-ACA8-7AB3A427DF0C}.Release|Any CPU.Build.0 = Release|Any CPU
		{B28C8684-1736-4475-81D4-2B9AFA2025BE}.Debug|Any CPU.ActiveCfg = Debug|Any CPU
		{B28C8684-1736-4475-81D4-2B9AFA2025BE}.Debug|Any CPU.Build.0 = Debug|Any CPU
		{B28C8684-1736-4475-81D4-2B9AFA2025BE}.Release|Any CPU.ActiveCfg = Release|Any CPU
		{B28C8684-1736-4475-81D4-2B9AFA2025BE}.Release|Any CPU.Build.0 = Release|Any CPU
		{BF2F9B4F-02D0-4D3D-AD1E-40C03CD50214}.Debug|Any CPU.ActiveCfg = Debug|Any CPU
		{BF2F9B4F-02D0-4D3D-AD1E-40C03CD50214}.Debug|Any CPU.Build.0 = Debug|Any CPU
		{BF2F9B4F-02D0-4D3D-AD1E-40C03CD50214}.Release|Any CPU.ActiveCfg = Release|Any CPU
		{BF2F9B4F-02D0-4D3D-AD1E-40C03CD50214}.Release|Any CPU.Build.0 = Release|Any CPU
	EndGlobalSection
EndGlobal
