
Microsoft Visual Studio Solution File, Format Version 12.00
# Visual Studio Version 17
VisualStudioVersion = 17.8.34511.84
MinimumVisualStudioVersion = 10.0.40219.1
Project("{9A19103F-16F7-4668-BE54-9A1E7A4F7556}") = "Entities", "src\Core\Entities\Entities.csproj", "{DC30CC64-F187-42B3-B111-958D7E3FE6AE}"
EndProject
Project("{9A19103F-16F7-4668-BE54-9A1E7A4F7556}") = "Application", "src\Core\Application\Application.csproj", "{66F1312E-A85A-42A3-9979-1C0D0F57BA3D}"
EndProject
Project("{9A19103F-16F7-4668-BE54-9A1E7A4F7556}") = "External", "src\Drivers\External\External.csproj", "{751480ED-E5F2-4ABB-9689-30801153EBDB}"
EndProject
Project("{9A19103F-16F7-4668-BE54-9A1E7A4F7556}") = "API", "src\Drivers\API\API.csproj", "{AB30CEA9-C546-461E-8DA6-43DB867060F7}"
EndProject
Project("{2150E333-8FDC-42A3-9474-1A3956D46DE8}") = "Drivers", "Drivers", "{9EAD84A6-B04F-4394-8758-19EAEF69AFB4}"
EndProject
Project("{2150E333-8FDC-42A3-9474-1A3956D46DE8}") = "Adapters", "Adapters", "{119AB7BC-A0C5-4C11-B502-39D27ED3E28D}"
EndProject
Project("{2150E333-8FDC-42A3-9474-1A3956D46DE8}") = "Core", "Core", "{E1859AAF-8C4E-491B-8507-09B1F58E7B4A}"
EndProject
Project("{FAE04EC0-301F-11D3-BF4B-00C04F79EFBC}") = "Adapters", "src\Adapters\Adapters.csproj", "{812B3979-5E0D-431B-94D7-027BA6F6F070}"
EndProject
Global
	GlobalSection(SolutionConfigurationPlatforms) = preSolution
		Debug|Any CPU = Debug|Any CPU
		Release|Any CPU = Release|Any CPU
	EndGlobalSection
	GlobalSection(ProjectConfigurationPlatforms) = postSolution
		{DC30CC64-F187-42B3-B111-958D7E3FE6AE}.Debug|Any CPU.ActiveCfg = Debug|Any CPU
		{DC30CC64-F187-42B3-B111-958D7E3FE6AE}.Debug|Any CPU.Build.0 = Debug|Any CPU
		{DC30CC64-F187-42B3-B111-958D7E3FE6AE}.Release|Any CPU.ActiveCfg = Release|Any CPU
		{DC30CC64-F187-42B3-B111-958D7E3FE6AE}.Release|Any CPU.Build.0 = Release|Any CPU
		{66F1312E-A85A-42A3-9979-1C0D0F57BA3D}.Debug|Any CPU.ActiveCfg = Debug|Any CPU
		{66F1312E-A85A-42A3-9979-1C0D0F57BA3D}.Debug|Any CPU.Build.0 = Debug|Any CPU
		{66F1312E-A85A-42A3-9979-1C0D0F57BA3D}.Release|Any CPU.ActiveCfg = Release|Any CPU
		{66F1312E-A85A-42A3-9979-1C0D0F57BA3D}.Release|Any CPU.Build.0 = Release|Any CPU
		{751480ED-E5F2-4ABB-9689-30801153EBDB}.Debug|Any CPU.ActiveCfg = Debug|Any CPU
		{751480ED-E5F2-4ABB-9689-30801153EBDB}.Debug|Any CPU.Build.0 = Debug|Any CPU
		{751480ED-E5F2-4ABB-9689-30801153EBDB}.Release|Any CPU.ActiveCfg = Release|Any CPU
		{751480ED-E5F2-4ABB-9689-30801153EBDB}.Release|Any CPU.Build.0 = Release|Any CPU
		{AB30CEA9-C546-461E-8DA6-43DB867060F7}.Debug|Any CPU.ActiveCfg = Debug|Any CPU
		{AB30CEA9-C546-461E-8DA6-43DB867060F7}.Debug|Any CPU.Build.0 = Debug|Any CPU
		{AB30CEA9-C546-461E-8DA6-43DB867060F7}.Release|Any CPU.ActiveCfg = Release|Any CPU
		{AB30CEA9-C546-461E-8DA6-43DB867060F7}.Release|Any CPU.Build.0 = Release|Any CPU
		{812B3979-5E0D-431B-94D7-027BA6F6F070}.Debug|Any CPU.ActiveCfg = Debug|Any CPU
		{812B3979-5E0D-431B-94D7-027BA6F6F070}.Debug|Any CPU.Build.0 = Debug|Any CPU
		{812B3979-5E0D-431B-94D7-027BA6F6F070}.Release|Any CPU.ActiveCfg = Release|Any CPU
		{812B3979-5E0D-431B-94D7-027BA6F6F070}.Release|Any CPU.Build.0 = Release|Any CPU
	EndGlobalSection
	GlobalSection(SolutionProperties) = preSolution
		HideSolutionNode = FALSE
	EndGlobalSection
	GlobalSection(NestedProjects) = preSolution
		{AB30CEA9-C546-461E-8DA6-43DB867060F7} = {9EAD84A6-B04F-4394-8758-19EAEF69AFB4}
		{751480ED-E5F2-4ABB-9689-30801153EBDB} = {9EAD84A6-B04F-4394-8758-19EAEF69AFB4}
		{DC30CC64-F187-42B3-B111-958D7E3FE6AE} = {E1859AAF-8C4E-491B-8507-09B1F58E7B4A}
		{812B3979-5E0D-431B-94D7-027BA6F6F070} = {119AB7BC-A0C5-4C11-B502-39D27ED3E28D}
		{66F1312E-A85A-42A3-9979-1C0D0F57BA3D} = {E1859AAF-8C4E-491B-8507-09B1F58E7B4A}
	EndGlobalSection
	GlobalSection(ExtensibilityGlobals) = postSolution
		SolutionGuid = {508BBC44-4D51-430B-960E-17DC1BF0653C}
	EndGlobalSection
EndGlobal
